// !$*UTF8*$!
{
	archiveVersion = 1;
	classes = {
	};
	objectVersion = 56;
	objects = {

/* Begin PBXBuildFile section */
		A10000000000000000000001 /* AppSwift.swift in Sources */ = {isa = PBXBuildFile; fileRef = B10000000000000000000001 /* AppSwift.swift */; };
		A10000000000000000000002 /* AdminSwift.swift in Sources */ = {isa = PBXBuildFile; fileRef = B10000000000000000000002 /* AdminSwift.swift */; };
		A10000000000000000000003 /* BottomNavSwift.swift in Sources */ = {isa = PBXBuildFile; fileRef = B10000000000000000000003 /* BottomNavSwift.swift */; };
		A10000000000000000000004 /* ChatSwift.swift in Sources */ = {isa = PBXBuildFile; fileRef = B10000000000000000000004 /* ChatSwift.swift */; };
		A10000000000000000000005 /* FansSwift.swift in Sources */ = {isa = PBXBuildFile; fileRef = B10000000000000000000005 /* FansSwift.swift */; };
		A10000000000000000000006 /* LeaguesSwift.swift in Sources */ = {isa = PBXBuildFile; fileRef = B10000000000000000000006 /* LeaguesSwift.swift */; };
		A10000000000000000000007 /* LoginSwift.swift in Sources */ = {isa = PBXBuildFile; fileRef = B10000000000000000000007 /* LoginSwift.swift */; };
		A10000000000000000000008 /* ProfileSwift.swift in Sources */ = {isa = PBXBuildFile; fileRef = B10000000000000000000008 /* ProfileSwift.swift */; };
		A10000000000000000000009 /* SignUpSwift.swift in Sources */ = {isa = PBXBuildFile; fileRef = B10000000000000000000009 /* SignUpSwift.swift */; };
		A1000000000000000000000A /* ThemeSwitchSwift.swift in Sources */ = {isa = PBXBuildFile; fileRef = B1000000000000000000000A /* ThemeSwitchSwift.swift */; };
		A1000000000000000000000B /* TikTokSwift.swift in Sources */ = {isa = PBXBuildFile; fileRef = B1000000000000000000000B /* TikTokSwift.swift */; };
		A1000000000000000000000C /* WEBPLUSSupabaseREST.swift in Sources */ = {isa = PBXBuildFile; fileRef = B1000000000000000000000C /* WEBPLUSSupabaseREST.swift */; };
		A1000000000000000000000D /* XSwift.swift in Sources */ = {isa = PBXBuildFile; fileRef = B1000000000000000000000D /* XSwift.swift */; };
		A1000000000000000000000E /* Assets.xcassets in Resources */ = {isa = PBXBuildFile; fileRef = B10000000000000000000010 /* Assets.xcassets */; };
/* End PBXBuildFile section */

/* Begin PBXFileReference section */
		B10000000000000000000001 /* AppSwift.swift */ = {isa = PBXFileReference; lastKnownFileType = sourcecode.swift; path = AppSwift.swift; sourceTree = "<group>"; };
		B10000000000000000000002 /* AdminSwift.swift */ = {isa = PBXFileReference; lastKnownFileType = sourcecode.swift; path = AdminSwift.swift; sourceTree = "<group>"; };
		B10000000000000000000003 /* BottomNavSwift.swift */ = {isa = PBXFileReference; lastKnownFileType = sourcecode.swift; path = BottomNavSwift.swift; sourceTree = "<group>"; };
		B10000000000000000000004 /* ChatSwift.swift */ = {isa = PBXFileReference; lastKnownFileType = sourcecode.swift; path = ChatSwift.swift; sourceTree = "<group>"; };
		B10000000000000000000005 /* FansSwift.swift */ = {isa = PBXFileReference; lastKnownFileType = sourcecode.swift; path = FansSwift.swift; sourceTree = "<group>"; };
		B10000000000000000000006 /* LeaguesSwift.swift */ = {isa = PBXFileReference; lastKnownFileType = sourcecode.swift; path = LeaguesSwift.swift; sourceTree = "<group>"; };
		B10000000000000000000007 /* LoginSwift.swift */ = {isa = PBXFileReference; lastKnownFileType = sourcecode.swift; path = LoginSwift.swift; sourceTree = "<group>"; };
		B10000000000000000000008 /* ProfileSwift.swift */ = {isa = PBXFileReference; lastKnownFileType = sourcecode.swift; path = ProfileSwift.swift; sourceTree = "<group>"; };
		B10000000000000000000009 /* SignUpSwift.swift */ = {isa = PBXFileReference; lastKnownFileType = sourcecode.swift; path = SignUpSwift.swift; sourceTree = "<group>"; };
		B1000000000000000000000A /* ThemeSwitchSwift.swift */ = {isa = PBXFileReference; lastKnownFileType = sourcecode.swift; path = ThemeSwitchSwift.swift; sourceTree = "<group>"; };
		B1000000000000000000000B /* TikTokSwift.swift */ = {isa = PBXFileReference; lastKnownFileType = sourcecode.swift; path = TikTokSwift.swift; sourceTree = "<group>"; };
		B1000000000000000000000C /* WEBPLUSSupabaseREST.swift */ = {isa = PBXFileReference; lastKnownFileType = sourcecode.swift; path = WEBPLUSSupabaseREST.swift; sourceTree = "<group>"; };
		B1000000000000000000000D /* XSwift.swift */ = {isa = PBXFileReference; lastKnownFileType = sourcecode.swift; path = XSwift.swift; sourceTree = "<group>"; };
		B1000000000000000000000E /* WEBPLUSiOS.app */ = {isa = PBXFileReference; explicitFileType = wrapper.application; path = WEBPLUSiOS.app; sourceTree = BUILT_PRODUCTS_DIR; };
		B1000000000000000000000F /* Info.plist */ = {isa = PBXFileReference; lastKnownFileType = text.plist.xml; path = Info.plist; sourceTree = "<group>"; };
		B10000000000000000000010 /* Assets.xcassets */ = {isa = PBXFileReference; lastKnownFileType = folder.assetcatalog; path = Assets.xcassets; sourceTree = "<group>"; };
/* End PBXFileReference section */

/* Begin PBXFrameworksBuildPhase section */
		D10000000000000000000001 /* Frameworks */ = {
			isa = PBXFrameworksBuildPhase;
			buildActionMask = 2147483647;
			files = (
			);
			runOnlyForDeploymentPostprocessing = 0;
		};
/* End PBXFrameworksBuildPhase section */

/* Begin PBXGroup section */
		C10000000000000000000001 = {
			isa = PBXGroup;
			children = (
				C10000000000000000000004 /* WEBPLUSiOS */,
				C10000000000000000000003 /* swift */,
				C10000000000000000000002 /* Products */,
			);
			sourceTree = "<group>";
		};
		C10000000000000000000002 /* Products */ = {
			isa = PBXGroup;
			children = (
				B1000000000000000000000E /* WEBPLUSiOS.app */,
			);
			name = Products;
			sourceTree = "<group>";
		};
		C10000000000000000000003 /* swift */ = {
			isa = PBXGroup;
			children = (
				B10000000000000000000001 /* AppSwift.swift */,
				B10000000000000000000002 /* AdminSwift.swift */,
				B10000000000000000000003 /* BottomNavSwift.swift */,
				B10000000000000000000004 /* ChatSwift.swift */,
				B10000000000000000000005 /* FansSwift.swift */,
				B10000000000000000000006 /* LeaguesSwift.swift */,
				B10000000000000000000007 /* LoginSwift.swift */,
				B10000000000000000000008 /* ProfileSwift.swift */,
				B10000000000000000000009 /* SignUpSwift.swift */,
				B1000000000000000000000A /* ThemeSwitchSwift.swift */,
				B1000000000000000000000B /* TikTokSwift.swift */,
				B1000000000000000000000C /* WEBPLUSSupabaseREST.swift */,
				B1000000000000000000000D /* XSwift.swift */,
			);
			path = swift;
			sourceTree = SOURCE_ROOT;
		};
		C10000000000000000000004 /* WEBPLUSiOS */ = {
			isa = PBXGroup;
			children = (
				B1000000000000000000000F /* Info.plist */,
				B10000000000000000000010 /* Assets.xcassets */,
			);
			path = WEBPLUSiOS;
			sourceTree = SOURCE_ROOT;
		};
/* End PBXGroup section */

/* Begin PBXNativeTarget section */
		E10000000000000000000001 /* WEBPLUSiOS */ = {
			isa = PBXNativeTarget;
			buildConfigurationList = F10000000000000000000012 /* Build configuration list for PBXNativeTarget "WEBPLUSiOS" */;
			buildPhases = (
				D10000000000000000000003 /* Sources */,
				D10000000000000000000001 /* Frameworks */,
				D10000000000000000000002 /* Resources */,
			);
			buildRules = (
			);
			dependencies = (
			);
			name = WEBPLUSiOS;
			productName = WEBPLUSiOS;
			productReference = B1000000000000000000000E /* WEBPLUSiOS.app */;
			productType = "com.apple.product-type.application";
		};
/* End PBXNativeTarget section */

/* Begin PBXProject section */
		E10000000000000000000002 /* Project object */ = {
			isa = PBXProject;
			attributes = {
				BuildIndependentTargetsInParallel = 1;
				LastSwiftUpdateCheck = 1500;
				LastUpgradeCheck = 1500;
				TargetAttributes = {
					E10000000000000000000001 = {
						CreatedOnToolsVersion = 15.0;
					};
				};
			};
			buildConfigurationList = F10000000000000000000011 /* Build configuration list for PBXProject "WEBPLUSiOS" */;
			compatibilityVersion = "Xcode 14.0";
			developmentRegion = en;
			hasScannedForEncodings = 0;
			knownRegions = (
				en,
				Base,
			);
			mainGroup = C10000000000000000000001;
			productRefGroup = C10000000000000000000002 /* Products */;
			projectDirPath = "";
			projectRoot = "";
			targets = (
				E10000000000000000000001 /* WEBPLUSiOS */,
			);
		};
/* End PBXProject section */

/* Begin PBXResourcesBuildPhase section */
		D10000000000000000000002 /* Resources */ = {
			isa = PBXResourcesBuildPhase;
			buildActionMask = 2147483647;
			files = (
				A1000000000000000000000E /* Assets.xcassets in Resources */,
			);
			runOnlyForDeploymentPostprocessing = 0;
		};
/* End PBXResourcesBuildPhase section */

/* Begin PBXSourcesBuildPhase section */
		D10000000000000000000003 /* Sources */ = {
			isa = PBXSourcesBuildPhase;
			buildActionMask = 2147483647;
			files = (
				A10000000000000000000001 /* AppSwift.swift in Sources */,
				A10000000000000000000002 /* AdminSwift.swift in Sources */,
				A10000000000000000000003 /* BottomNavSwift.swift in Sources */,
				A10000000000000000000004 /* ChatSwift.swift in Sources */,
				A10000000000000000000005 /* FansSwift.swift in Sources */,
				A10000000000000000000006 /* LeaguesSwift.swift in Sources */,
				A10000000000000000000007 /* LoginSwift.swift in Sources */,
				A10000000000000000000008 /* ProfileSwift.swift in Sources */,
				A10000000000000000000009 /* SignUpSwift.swift in Sources */,
				A1000000000000000000000A /* ThemeSwitchSwift.swift in Sources */,
				A1000000000000000000000B /* TikTokSwift.swift in Sources */,
				A1000000000000000000000C /* WEBPLUSSupabaseREST.swift in Sources */,
				A1000000000000000000000D /* XSwift.swift in Sources */,
			);
			runOnlyForDeploymentPostprocessing = 0;
		};
/* End PBXSourcesBuildPhase section */

/* Begin XCBuildConfiguration section */
		F10000000000000000000001 /* Debug */ = {
			isa = XCBuildConfiguration;
			buildSettings = {
				ALWAYS_SEARCH_USER_PATHS = NO;
				CLANG_ENABLE_MODULES = YES;
				CLANG_ENABLE_OBJC_ARC = YES;
				COPY_PHASE_STRIP = NO;
				DEBUG_INFORMATION_FORMAT = dwarf;
				ENABLE_STRICT_OBJC_MSGSEND = YES;
				ENABLE_USER_SCRIPT_SANDBOXING = YES;
				GCC_C_LANGUAGE_STANDARD = gnu17;
				MTL_ENABLE_DEBUG_INFO = INCLUDE_SOURCE;
				ONLY_ACTIVE_ARCH = YES;
				SWIFT_ACTIVE_COMPILATION_CONDITIONS = DEBUG;
				SWIFT_OPTIMIZATION_LEVEL = "-Onone";
			};
			name = Debug;
		};
		F10000000000000000000002 /* Release */ = {
			isa = XCBuildConfiguration;
			buildSettings = {
				ALWAYS_SEARCH_USER_PATHS = NO;
				CLANG_ENABLE_MODULES = YES;
				CLANG_ENABLE_OBJC_ARC = YES;
				COPY_PHASE_STRIP = NO;
				DEBUG_INFORMATION_FORMAT = "dwarf-with-dsym";
				ENABLE_NS_ASSERTIONS = NO;
				ENABLE_STRICT_OBJC_MSGSEND = YES;
				ENABLE_USER_SCRIPT_SANDBOXING = YES;
				GCC_C_LANGUAGE_STANDARD = gnu17;
				SWIFT_COMPILATION_MODE = wholemodule;
			};
			name = Release;
		};
		F10000000000000000000003 /* Debug */ = {
			isa = XCBuildConfiguration;
			buildSettings = {
				ASSETCATALOG_COMPILER_APPICON_NAME = "";
				ASSETCATALOG_COMPILER_GLOBAL_ACCENT_COLOR_NAME = AccentColor;
				CODE_SIGN_STYLE = Automatic;
				CURRENT_PROJECT_VERSION = 1;
				DEVELOPMENT_TEAM = "";
				GENERATE_INFOPLIST_FILE = NO;
				INFOPLIST_FILE = WEBPLUSiOS/Info.plist;
				IPHONEOS_DEPLOYMENT_TARGET = 16.0;
				LD_RUNPATH_SEARCH_PATHS = (
					"$(inherited)",
					"@executable_path/Frameworks",
				);
				MARKETING_VERSION = 1.0;
				PRODUCT_BUNDLE_IDENTIFIER = com.xtik.webplusios;
				PRODUCT_NAME = "$(TARGET_NAME)";
				SDKROOT = iphoneos;
				SUPPORTED_PLATFORMS = "iphoneos iphonesimulator";
				SWIFT_EMIT_LOC_STRINGS = YES;
				SWIFT_VERSION = 5.0;
				TARGETED_DEVICE_FAMILY = "1,2";
			};
			name = Debug;
		};
		F10000000000000000000004 /* Release */ = {
			isa = XCBuildConfiguration;
			buildSettings = {
				ASSETCATALOG_COMPILER_APPICON_NAME = "";
				ASSETCATALOG_COMPILER_GLOBAL_ACCENT_COLOR_NAME = AccentColor;
				CODE_SIGN_STYLE = Automatic;
				CURRENT_PROJECT_VERSION = 1;
				DEVELOPMENT_TEAM = "";
				GENERATE_INFOPLIST_FILE = NO;
				INFOPLIST_FILE = WEBPLUSiOS/Info.plist;
				IPHONEOS_DEPLOYMENT_TARGET = 16.0;
				LD_RUNPATH_SEARCH_PATHS = (
					"$(inherited)",
					"@executable_path/Frameworks",
				);
				MARKETING_VERSION = 1.0;
				PRODUCT_BUNDLE_IDENTIFIER = com.xtik.webplusios;
				PRODUCT_NAME = "$(TARGET_NAME)";
				SDKROOT = iphoneos;
				SUPPORTED_PLATFORMS = "iphoneos iphonesimulator";
				SWIFT_EMIT_LOC_STRINGS = YES;
				SWIFT_VERSION = 5.0;
				TARGETED_DEVICE_FAMILY = "1,2";
			};
			name = Release;
		};
/* End XCBuildConfiguration section */

/* Begin XCConfigurationList section */
		F10000000000000000000011 /* Build configuration list for PBXProject "WEBPLUSiOS" */ = {
			isa = XCConfigurationList;
			buildConfigurations = (
				F10000000000000000000001 /* Debug */,
				F10000000000000000000002 /* Release */,
			);
			defaultConfigurationIsVisible = 0;
			defaultConfigurationName = Release;
		};
		F10000000000000000000012 /* Build configuration list for PBXNativeTarget "WEBPLUSiOS" */ = {
			isa = XCConfigurationList;
			buildConfigurations = (
				F10000000000000000000003 /* Debug */,
				F10000000000000000000004 /* Release */,
			);
			defaultConfigurationIsVisible = 0;
			defaultConfigurationName = Release;
		};
/* End XCConfigurationList section */
	};
	rootObject = E10000000000000000000002 /* Project object */;
}